
Microsoft Visual Studio Solution File, Format Version 12.00
# Visual Studio Version 17
VisualStudioVersion = 17.0.31903.59
MinimumVisualStudioVersion = 10.0.40219.1
Project("{2150E333-8FDC-42A3-9474-1A3956D46DE8}") = "src", "src", "{827E0CD3-B72D-47B6-A68D-7590B98EB39B}"
EndProject
Project("{FAE04EC0-301F-11D3-BF4B-00C04F79EFBC}") = "PremierLeague.Domain", "src\PremierLeague.Domain\PremierLeague.Domain.csproj", "{20EE9656-506C-40C4-AE25-AF0130EE8EA4}"
EndProject
Project("{FAE04EC0-301F-11D3-BF4B-00C04F79EFBC}") = "PremierLeague.Application", "src\PremierLeague.Application\PremierLeague.Application.csproj", "{3799A277-1A8C-4F06-9428-C62EEC0A6C51}"
EndProject
Project("{FAE04EC0-301F-11D3-BF4B-00C04F79EFBC}") = "PremierLeague.Infrastructure", "src\PremierLeague.Infrastructure\PremierLeague.Infrastructure.csproj", "{4154A55A-BEC0-440E-965D-520716FCB06F}"
EndProject
Project("{FAE04EC0-301F-11D3-BF4B-00C04F79EFBC}") = "PremierLeague.Api", "src\PremierLeague.Api\PremierLeague.Api.csproj", "{D966CF64-075F-413E-911C-2909580C97F4}"
EndProject
Project("{2150E333-8FDC-42A3-9474-1A3956D46DE8}") = "tests", "tests", "{0AB3BF05-4346-4AA6-1389-037BE0695223}"
EndProject
Project("{FAE04EC0-301F-11D3-BF4B-00C04F79EFBC}") = "PremierLeague.UnitTests", "tests\PremierLeague.UnitTests\PremierLeague.UnitTests.csproj", "{3E85BDDE-8188-4ACA-94E3-A685BC56827B}"
EndProject
Project("{FAE04EC0-301F-11D3-BF4B-00C04F79EFBC}") = "PremierLeague.IntegrationTests", "tests\PremierLeague.IntegrationTests\PremierLeague.IntegrationTests.csproj", "{8CDDA1DC-CC6D-4F9E-A0E1-2500CAD204F7}"
EndProject
Global
	GlobalSection(SolutionConfigurationPlatforms) = preSolution
		Debug|Any CPU = Debug|Any CPU
		Debug|x64 = Debug|x64
		Debug|x86 = Debug|x86
		Release|Any CPU = Release|Any CPU
		Release|x64 = Release|x64
		Release|x86 = Release|x86
	EndGlobalSection
	GlobalSection(ProjectConfigurationPlatforms) = postSolution
		{20EE9656-506C-40C4-AE25-AF0130EE8EA4}.Debug|Any CPU.ActiveCfg = Debug|Any CPU
		{20EE9656-506C-40C4-AE25-AF0130EE8EA4}.Debug|Any CPU.Build.0 = Debug|Any CPU
		{20EE9656-506C-40C4-AE25-AF0130EE8EA4}.Debug|x64.ActiveCfg = Debug|Any CPU
		{20EE9656-506C-40C4-AE25-AF0130EE8EA4}.Debug|x64.Build.0 = Debug|Any CPU
		{20EE9656-506C-40C4-AE25-AF0130EE8EA4}.Debug|x86.ActiveCfg = Debug|Any CPU
		{20EE9656-506C-40C4-AE25-AF0130EE8EA4}.Debug|x86.Build.0 = Debug|Any CPU
		{20EE9656-506C-40C4-AE25-AF0130EE8EA4}.Release|Any CPU.ActiveCfg = Release|Any CPU
		{20EE9656-506C-40C4-AE25-AF0130EE8EA4}.Release|Any CPU.Build.0 = Release|Any CPU
		{20EE9656-506C-40C4-AE25-AF0130EE8EA4}.Release|x64.ActiveCfg = Release|Any CPU
		{20EE9656-506C-40C4-AE25-AF0130EE8EA4}.Release|x64.Build.0 = Release|Any CPU
		{20EE9656-506C-40C4-AE25-AF0130EE8EA4}.Release|x86.ActiveCfg = Release|Any CPU
		{20EE9656-506C-40C4-AE25-AF0130EE8EA4}.Release|x86.Build.0 = Release|Any CPU
		{3799A277-1A8C-4F06-9428-C62EEC0A6C51}.Debug|Any CPU.ActiveCfg = Debug|Any CPU
		{3799A277-1A8C-4F06-9428-C62EEC0A6C51}.Debug|Any CPU.Build.0 = Debug|Any CPU
		{3799A277-1A8C-4F06-9428-C62EEC0A6C51}.Debug|x64.ActiveCfg = Debug|Any CPU
		{3799A277-1A8C-4F06-9428-C62EEC0A6C51}.Debug|x64.Build.0 = Debug|Any CPU
		{3799A277-1A8C-4F06-9428-C62EEC0A6C51}.Debug|x86.ActiveCfg = Debug|Any CPU
		{3799A277-1A8C-4F06-9428-C62EEC0A6C51}.Debug|x86.Build.0 = Debug|Any CPU
		{3799A277-1A8C-4F06-9428-C62EEC0A6C51}.Release|Any CPU.ActiveCfg = Release|Any CPU
		{3799A277-1A8C-4F06-9428-C62EEC0A6C51}.Release|Any CPU.Build.0 = Release|Any CPU
		{3799A277-1A8C-4F06-9428-C62EEC0A6C51}.Release|x64.ActiveCfg = Release|Any CPU
		{3799A277-1A8C-4F06-9428-C62EEC0A6C51}.Release|x64.Build.0 = Release|Any CPU
		{3799A277-1A8C-4F06-9428-C62EEC0A6C51}.Release|x86.ActiveCfg = Release|Any CPU
		{3799A277-1A8C-4F06-9428-C62EEC0A6C51}.Release|x86.Build.0 = Release|Any CPU
		{4154A55A-BEC0-440E-965D-520716FCB06F}.Debug|Any CPU.ActiveCfg = Debug|Any CPU
		{4154A55A-BEC0-440E-965D-520716FCB06F}.Debug|Any CPU.Build.0 = Debug|Any CPU
		{4154A55A-BEC0-440E-965D-520716FCB06F}.Debug|x64.ActiveCfg = Debug|Any CPU
		{4154A55A-BEC0-440E-965D-520716FCB06F}.Debug|x64.Build.0 = Debug|Any CPU
		{4154A55A-BEC0-440E-965D-520716FCB06F}.Debug|x86.ActiveCfg = Debug|Any CPU
		{4154A55A-BEC0-440E-965D-520716FCB06F}.Debug|x86.Build.0 = Debug|Any CPU
		{4154A55A-BEC0-440E-965D-520716FCB06F}.Release|Any CPU.ActiveCfg = Release|Any CPU
		{4154A55A-BEC0-440E-965D-520716FCB06F}.Release|Any CPU.Build.0 = Release|Any CPU
		{4154A55A-BEC0-440E-965D-520716FCB06F}.Release|x64.ActiveCfg = Release|Any CPU
		{4154A55A-BEC0-440E-965D-520716FCB06F}.Release|x64.Build.0 = Release|Any CPU
		{4154A55A-BEC0-440E-965D-520716FCB06F}.Release|x86.ActiveCfg = Release|Any CPU
		{4154A55A-BEC0-440E-965D-520716FCB06F}.Release|x86.Build.0 = Release|Any CPU
		{D966CF64-075F-413E-911C-2909580C97F4}.Debug|Any CPU.ActiveCfg = Debug|Any CPU
		{D966CF64-075F-413E-911C-2909580C97F4}.Debug|Any CPU.Build.0 = Debug|Any CPU
		{D966CF64-075F-413E-911C-2909580C97F4}.Debug|x64.ActiveCfg = Debug|Any CPU
		{D966CF64-075F-413E-911C-2909580C97F4}.Debug|x64.Build.0 = Debug|Any CPU
		{D966CF64-075F-413E-911C-2909580C97F4}.Debug|x86.ActiveCfg = Debug|Any CPU
		{D966CF64-075F-413E-911C-2909580C97F4}.Debug|x86.Build.0 = Debug|Any CPU
		{D966CF64-075F-413E-911C-2909580C97F4}.Release|Any CPU.ActiveCfg = Release|Any CPU
		{D966CF64-075F-413E-911C-2909580C97F4}.Release|Any CPU.Build.0 = Release|Any CPU
		{D966CF64-075F-413E-911C-2909580C97F4}.Release|x64.ActiveCfg = Release|Any CPU
		{D966CF64-075F-413E-911C-2909580C97F4}.Release|x64.Build.0 = Release|Any CPU
		{D966CF64-075F-413E-911C-2909580C97F4}.Release|x86.ActiveCfg = Release|Any CPU
		{D966CF64-075F-413E-911C-2909580C97F4}.Release|x86.Build.0 = Release|Any CPU
		{3E85BDDE-8188-4ACA-94E3-A685BC56827B}.Debug|Any CPU.ActiveCfg = Debug|Any CPU
		{3E85BDDE-8188-4ACA-94E3-A685BC56827B}.Debug|Any CPU.Build.0 = Debug|Any CPU
		{3E85BDDE-8188-4ACA-94E3-A685BC56827B}.Debug|x64.ActiveCfg = Debug|Any CPU
		{3E85BDDE-8188-4ACA-94E3-A685BC56827B}.Debug|x64.Build.0 = Debug|Any CPU
		{3E85BDDE-8188-4ACA-94E3-A685BC56827B}.Debug|x86.ActiveCfg = Debug|Any CPU
		{3E85BDDE-8188-4ACA-94E3-A685BC56827B}.Debug|x86.Build.0 = Debug|Any CPU
		{3E85BDDE-8188-4ACA-94E3-A685BC56827B}.Release|Any CPU.ActiveCfg = Release|Any CPU
		{3E85BDDE-8188-4ACA-94E3-A685BC56827B}.Release|Any CPU.Build.0 = Release|Any CPU
		{3E85BDDE-8188-4ACA-94E3-A685BC56827B}.Release|x64.ActiveCfg = Release|Any CPU
		{3E85BDDE-8188-4ACA-94E3-A685BC56827B}.Release|x64.Build.0 = Release|Any CPU
		{3E85BDDE-8188-4ACA-94E3-A685BC56827B}.Release|x86.ActiveCfg = Release|Any CPU
		{3E85BDDE-8188-4ACA-94E3-A685BC56827B}.Release|x86.Build.0 = Release|Any CPU
		{8CDDA1DC-CC6D-4F9E-A0E1-2500CAD204F7}.Debug|Any CPU.ActiveCfg = Debug|Any CPU
		{8CDDA1DC-CC6D-4F9E-A0E1-2500CAD204F7}.Debug|Any CPU.Build.0 = Debug|Any CPU
		{8CDDA1DC-CC6D-4F9E-A0E1-2500CAD204F7}.Debug|x64.ActiveCfg = Debug|Any CPU
		{8CDDA1DC-CC6D-4F9E-A0E1-2500CAD204F7}.Debug|x64.Build.0 = Debug|Any CPU
		{8CDDA1DC-CC6D-4F9E-A0E1-2500CAD204F7}.Debug|x86.ActiveCfg = Debug|Any CPU
		{8CDDA1DC-CC6D-4F9E-A0E1-2500CAD204F7}.Debug|x86.Build.0 = Debug|Any CPU
		{8CDDA1DC-CC6D-4F9E-A0E1-2500CAD204F7}.Release|Any CPU.ActiveCfg = Release|Any CPU
		{8CDDA1DC-CC6D-4F9E-A0E1-2500CAD204F7}.Release|Any CPU.Build.0 = Release|Any CPU
		{8CDDA1DC-CC6D-4F9E-A0E1-2500CAD204F7}.Release|x64.ActiveCfg = Release|Any CPU
		{8CDDA1DC-CC6D-4F9E-A0E1-2500CAD204F7}.Release|x64.Build.0 = Release|Any CPU
		{8CDDA1DC-CC6D-4F9E-A0E1-2500CAD204F7}.Release|x86.ActiveCfg = Release|Any CPU
		{8CDDA1DC-CC6D-4F9E-A0E1-2500CAD204F7}.Release|x86.Build.0 = Release|Any CPU
	EndGlobalSection
	GlobalSection(SolutionProperties) = preSolution
		HideSolutionNode = FALSE
	EndGlobalSection
	GlobalSection(NestedProjects) = preSolution
		{20EE9656-506C-40C4-AE25-AF0130EE8EA4} = {827E0CD3-B72D-47B6-A68D-7590B98EB39B}
		{3799A277-1A8C-4F06-9428-C62EEC0A6C51} = {827E0CD3-B72D-47B6-A68D-7590B98EB39B}
		{4154A55A-BEC0-440E-965D-520716FCB06F} = {827E0CD3-B72D-47B6-A68D-7590B98EB39B}
		{D966CF64-075F-413E-911C-2909580C97F4} = {827E0CD3-B72D-47B6-A68D-7590B98EB39B}
		{3E85BDDE-8188-4ACA-94E3-A685BC56827B} = {0AB3BF05-4346-4AA6-1389-037BE0695223}
		{8CDDA1DC-CC6D-4F9E-A0E1-2500CAD204F7} = {0AB3BF05-4346-4AA6-1389-037BE0695223}
	EndGlobalSection
EndGlobal
